
Microsoft Visual Studio Solution File, Format Version 12.00
# Visual Studio 15
VisualStudioVersion = 15.0.28307.489
MinimumVisualStudioVersion = 10.0.40219.1
Project("{FAE04EC0-301F-11D3-BF4B-00C04F79EFBC}") = "WpfSnake", "WpfSnake\WpfSnake.csproj", "{0CF8216A-C22F-48BC-9B1B-EE9F7479E7CF}"
EndProject
Global
	GlobalSection(SolutionConfigurationPlatforms) = preSolution
		Debug|Any CPU = Debug|Any CPU
		Release|Any CPU = Release|Any CPU
	EndGlobalSection
	GlobalSection(ProjectConfigurationPlatforms) = postSolution
		{0CF8216A-C22F-48BC-9B1B-EE9F7479E7CF}.Debug|Any CPU.ActiveCfg = Debug|Any CPU
		{0CF8216A-C22F-48BC-9B1B-EE9F7479E7CF}.Debug|Any CPU.Build.0 = Debug|Any CPU
		{0CF8216A-C22F-48BC-9B1B-EE9F7479E7CF}.Release|Any CPU.ActiveCfg = Release|Any CPU
		{0CF8216A-C22F-48BC-9B1B-EE9F7479E7CF}.Release|Any CPU.Build.0 = Release|Any CPU
	EndGlobalSection
	GlobalSection(SolutionProperties) = preSolution
		HideSolutionNode = FALSE
	EndGlobalSection
	GlobalSection(ExtensibilityGlobals) = postSolution
		SolutionGuid = {51E348CD-365E-4502-8FD1-B1900C7AEFA7}
	EndGlobalSection
EndGlobal
